{
  "version": 4,
  "terraform_version": "1.5.2",
  "serial": 52,
  "lineage": "e1971fed-c16c-aac6-3610-e0b22f28537d",
  "outputs": {
    "all_private_ips": {
      "value": [],
      "type": [
        "tuple",
        []
      ]
    },
    "ecr_url": {
      "value": "425342967151.dkr.ecr.us-east-1.amazonaws.com/ameera.ecr.com",
      "type": "string"
    },
    "jump_server_public_ip": {
      "value": "44.197.215.228",
      "type": "string"
    },
    "load_balancer_dns_name": {
      "value": "Ameera-alb-1997671305.us-east-1.elb.amazonaws.com",
      "type": "string"
    },
    "private_ec2_private_ips": {
      "value": [
        []
      ],
      "type": [
        "tuple",
        [
          [
            "list",
            "string"
          ]
        ]
      ]
    }
  },
  "resources": [
    {
      "mode": "data",
      "type": "template_file",
      "name": "db_userdata",
      "provider": "provider[\"registry.terraform.io/hashicorp/template\"]",
      "instances": [
        {
          "schema_version": 0,
          "attributes": {
            "filename": null,
            "id": "d3ee8361d060717f8188bd9bbe75e562e3762252751cdb9123da11c91392266c",
            "rendered": "#!/bin/bash\n\n# Update the system\nsudo yum update -y\n\n# Install MariaDB server\nsudo amazon-linux-extras enable mariadb10.5\nsudo yum install -y mariadb-server\n\n# Start MariaDB service\nsudo systemctl start mariadb\nsudo systemctl enable mariadb\n\n# Configure MariaDB to listen on all IP addresses\nsudo sed -i '/bind-address/c\\bind-address = 0.0.0.0' /etc/my.cnf\n\n# Restart MariaDB service to apply changes\nsudo systemctl restart mariadb\n\n# Create a database and user for the web application\nsudo mysql -u root\u003c\u003cEOF\nCREATE DATABASE mydb;\nCREATE USER 'ameera'@'%' IDENTIFIED BY '12345';\nGRANT ALL PRIVILEGES ON mydb.* TO 'ameera'@'%';\nFLUSH PRIVILEGES;\nexit;\nEOF\n\n# Restart MariaDB service to apply changes\nsudo systemctl restart mariadb",
            "template": "#!/bin/bash\n\n# Update the system\nsudo yum update -y\n\n# Install MariaDB server\nsudo amazon-linux-extras enable mariadb10.5\nsudo yum install -y mariadb-server\n\n# Start MariaDB service\nsudo systemctl start mariadb\nsudo systemctl enable mariadb\n\n# Configure MariaDB to listen on all IP addresses\nsudo sed -i '/bind-address/c\\bind-address = 0.0.0.0' /etc/my.cnf\n\n# Restart MariaDB service to apply changes\nsudo systemctl restart mariadb\n\n# Create a database and user for the web application\nsudo mysql -u root\u003c\u003cEOF\nCREATE DATABASE ${db_name};\nCREATE USER '${db_username}'@'%' IDENTIFIED BY '${db_password}';\nGRANT ALL PRIVILEGES ON ${db_name}.* TO '${db_username}'@'%';\nFLUSH PRIVILEGES;\nexit;\nEOF\n\n# Restart MariaDB service to apply changes\nsudo systemctl restart mariadb",
            "vars": {
              "db_name": "mydb",
              "db_password": "12345",
              "db_username": "ameera"
            }
          },
          "sensitive_attributes": []
        }
      ]
    },
    {
      "mode": "data",
      "type": "template_file",
      "name": "wordpress_userdata",
      "provider": "provider[\"registry.terraform.io/hashicorp/template\"]",
      "instances": [
        {
          "schema_version": 0,
          "attributes": {
            "filename": null,
            "id": "386ecb84d4b34a27d29f3ce105b413cd77aa15277b4b61c1f0a9ed698d235977",
            "rendered": "#!/bin/bash\n\n# Update the system\nsudo yum update -y\n\n# Install Apache web server and PHP 7\nsudo amazon-linux-extras enable php7.4\nsudo yum install -y httpd php php-mysqlnd\n\n# Start the Apache service\nsudo systemctl start httpd\nsudo systemctl enable httpd\n\n# Create index directory\nsudo mkdir -p /var/www/html/index\n\n# Create a sample index.html file\n#echo \"\u003ch1\u003eTest Page\u003c/h1\u003e\u003cp\u003eThis is a test page.\u003c/p\u003e\" | sudo tee /var/www/html/index/index.html\n\n# Download and install WordPress\ncd /var/www/html\nsudo wget -c https://wordpress.org/latest.tar.gz -O - | sudo tar -xz\n\n# Move WordPress files to the root directory\n#sudo mv /var/www/html/index/index.html .\nsudo mv wordpress/* .\nsudo rmdir wordpress\n\n# Set permissions\nsudo chown -R apache:apache /var/www/html\nsudo chmod -R 755 /var/www/html\n\n# Configure WordPress\nsudo cp wp-config-sample.php wp-config.php\n\n# Replace the database configuration values\nsudo sed -i \"s/database_name_here/mydb/\" wp-config.php\nsudo sed -i \"s/username_here/ameera/\" wp-config.php\nsudo sed -i \"s/password_here/12345/\" wp-config.php\nsudo sed -i \"s/localhost/192.168.21.133/\" wp-config.php\n\n# Set WordPress Address (URL) and Site Address (URL)\necho \"define('WP_HOME','http://Ameera-alb-1997671305.us-east-1.elb.amazonaws.com');\" | sudo tee -a wp-config.php\necho \"define('WP_SITEURL','http://Ameera-alb-1997671305.us-east-1.elb.amazonaws.com');\" | sudo tee -a wp-config.php\n\n\n# Modify site description\necho \"update_option('blogdescription', 'Welcome to Ameera Web App!');\" | sudo tee -a wp-config.php\n\n# Modify the number of blog posts shown on the homepage\necho \"update_option('posts_per_page', 10);\" | sudo tee -a wp-config.php\n\n# Install WP-CLI\ncurl -O https://raw.githubusercontent.com/wp-cli/builds/gh-pages/phar/wp-cli.phar\nchmod +x wp-cli.phar\nsudo mv wp-cli.phar /usr/local/bin/wp\n\n# Allow www-data user to run wp-cli commands\nsudo chown -R apache:apache /var/www\n\n# Install and activate Twenty Twenty-One theme\nsudo -u apache -- wp theme install twentytwentyone --activate --path=/var/www/html\n\n# Install and activate plugins\nsudo -u apache -- wp plugin install classic-editor --activate --path=/var/www/html\nsudo -u apache -- wp plugin install akismet --activate --path=/var/www/html\n\n# Restart Apache to apply changes\nsudo systemctl restart httpd\n",
            "template": "#!/bin/bash\n\n# Update the system\nsudo yum update -y\n\n# Install Apache web server and PHP 7\nsudo amazon-linux-extras enable php7.4\nsudo yum install -y httpd php php-mysqlnd\n\n# Start the Apache service\nsudo systemctl start httpd\nsudo systemctl enable httpd\n\n# Create index directory\nsudo mkdir -p /var/www/html/index\n\n# Create a sample index.html file\n#echo \"\u003ch1\u003eTest Page\u003c/h1\u003e\u003cp\u003eThis is a test page.\u003c/p\u003e\" | sudo tee /var/www/html/index/index.html\n\n# Download and install WordPress\ncd /var/www/html\nsudo wget -c https://wordpress.org/latest.tar.gz -O - | sudo tar -xz\n\n# Move WordPress files to the root directory\n#sudo mv /var/www/html/index/index.html .\nsudo mv wordpress/* .\nsudo rmdir wordpress\n\n# Set permissions\nsudo chown -R apache:apache /var/www/html\nsudo chmod -R 755 /var/www/html\n\n# Configure WordPress\nsudo cp wp-config-sample.php wp-config.php\n\n# Replace the database configuration values\nsudo sed -i \"s/database_name_here/${db_name}/\" wp-config.php\nsudo sed -i \"s/username_here/${db_username}/\" wp-config.php\nsudo sed -i \"s/password_here/${db_password}/\" wp-config.php\nsudo sed -i \"s/localhost/${db_host}/\" wp-config.php\n\n# Set WordPress Address (URL) and Site Address (URL)\necho \"define('WP_HOME','http://${alb_dns_name}');\" | sudo tee -a wp-config.php\necho \"define('WP_SITEURL','http://${alb_dns_name}');\" | sudo tee -a wp-config.php\n\n\n# Modify site description\necho \"update_option('blogdescription', 'Welcome to Ameera Web App!');\" | sudo tee -a wp-config.php\n\n# Modify the number of blog posts shown on the homepage\necho \"update_option('posts_per_page', 10);\" | sudo tee -a wp-config.php\n\n# Install WP-CLI\ncurl -O https://raw.githubusercontent.com/wp-cli/builds/gh-pages/phar/wp-cli.phar\nchmod +x wp-cli.phar\nsudo mv wp-cli.phar /usr/local/bin/wp\n\n# Allow www-data user to run wp-cli commands\nsudo chown -R apache:apache /var/www\n\n# Install and activate Twenty Twenty-One theme\nsudo -u apache -- wp theme install twentytwentyone --activate --path=/var/www/html\n\n# Install and activate plugins\nsudo -u apache -- wp plugin install classic-editor --activate --path=/var/www/html\nsudo -u apache -- wp plugin install akismet --activate --path=/var/www/html\n\n# Restart Apache to apply changes\nsudo systemctl restart httpd\n",
            "vars": {
              "alb_dns_name": "Ameera-alb-1997671305.us-east-1.elb.amazonaws.com",
              "db_host": "192.168.21.133",
              "db_name": "mydb",
              "db_password": "12345",
              "db_username": "ameera"
            }
          },
          "sensitive_attributes": []
        }
      ]
    },
    {
      "module": "module.alb",
      "mode": "managed",
      "type": "aws_lb",
      "name": "main",
      "provider": "provider[\"registry.terraform.io/hashicorp/aws\"]",
      "instances": [
        {
          "schema_version": 0,
          "attributes": {
            "access_logs": [
              {
                "bucket": "",
                "enabled": false,
                "prefix": ""
              }
            ],
            "arn": "arn:aws:elasticloadbalancing:us-east-1:425342967151:loadbalancer/app/Ameera-alb/07ff43abc0171990",
            "arn_suffix": "app/Ameera-alb/07ff43abc0171990",
            "customer_owned_ipv4_pool": "",
            "desync_mitigation_mode": "defensive",
            "dns_name": "Ameera-alb-1997671305.us-east-1.elb.amazonaws.com",
            "drop_invalid_header_fields": false,
            "enable_cross_zone_load_balancing": true,
            "enable_deletion_protection": false,
            "enable_http2": true,
            "enable_tls_version_and_cipher_suite_headers": false,
            "enable_waf_fail_open": false,
            "enable_xff_client_port": false,
            "id": "arn:aws:elasticloadbalancing:us-east-1:425342967151:loadbalancer/app/Ameera-alb/07ff43abc0171990",
            "idle_timeout": 60,
            "internal": false,
            "ip_address_type": "ipv4",
            "load_balancer_type": "application",
            "name": "Ameera-alb",
            "name_prefix": null,
            "preserve_host_header": false,
            "security_groups": [
              "sg-0c38aa1b4b7cb805d"
            ],
            "subnet_mapping": [
              {
                "allocation_id": "",
                "ipv6_address": "",
                "outpost_id": "",
                "private_ipv4_address": "",
                "subnet_id": "subnet-0c522d7d7cb6ef377"
              },
              {
                "allocation_id": "",
                "ipv6_address": "",
                "outpost_id": "",
                "private_ipv4_address": "",
                "subnet_id": "subnet-0e8bc3dae36baac75"
              }
            ],
            "subnets": [
              "subnet-0c522d7d7cb6ef377",
              "subnet-0e8bc3dae36baac75"
            ],
            "tags": {
              "Name": "Ameera-alb"
            },
            "tags_all": {
              "Name": "Ameera-alb"
            },
            "timeouts": null,
            "vpc_id": "vpc-0cec55ca82d4812f3",
            "xff_header_processing_mode": "append",
            "zone_id": "Z35SXDOTRQ7X7K"
          },
          "sensitive_attributes": [],
          "private": "eyJlMmJmYjczMC1lY2FhLTExZTYtOGY4OC0zNDM2M2JjN2M0YzAiOnsiY3JlYXRlIjo2MDAwMDAwMDAwMDAsImRlbGV0ZSI6NjAwMDAwMDAwMDAwLCJ1cGRhdGUiOjYwMDAwMDAwMDAwMH19",
          "dependencies": [
            "module.sg.aws_security_group.alb-sg",
            "module.vpc.aws_subnet.public",
            "module.vpc.aws_vpc.main"
          ],
          "create_before_destroy": true
        }
      ]
    },
    {
      "module": "module.alb",
      "mode": "managed",
      "type": "aws_lb_listener",
      "name": "front_end",
      "provider": "provider[\"registry.terraform.io/hashicorp/aws\"]",
      "instances": [
        {
          "schema_version": 0,
          "attributes": {
            "alpn_policy": null,
            "arn": "arn:aws:elasticloadbalancing:us-east-1:425342967151:listener/app/Ameera-alb/07ff43abc0171990/6e73ae5f7a6bfc05",
            "certificate_arn": null,
            "default_action": [
              {
                "authenticate_cognito": [],
                "authenticate_oidc": [],
                "fixed_response": [],
                "forward": [],
                "order": 1,
                "redirect": [],
                "target_group_arn": "arn:aws:elasticloadbalancing:us-east-1:425342967151:targetgroup/Ameera-tg/59e028bbe76dd3bd",
                "type": "forward"
              }
            ],
            "id": "arn:aws:elasticloadbalancing:us-east-1:425342967151:listener/app/Ameera-alb/07ff43abc0171990/6e73ae5f7a6bfc05",
            "load_balancer_arn": "arn:aws:elasticloadbalancing:us-east-1:425342967151:loadbalancer/app/Ameera-alb/07ff43abc0171990",
            "port": 80,
            "protocol": "HTTP",
            "ssl_policy": "",
            "tags": {},
            "tags_all": {},
            "timeouts": null
          },
          "sensitive_attributes": [],
          "private": "eyJlMmJmYjczMC1lY2FhLTExZTYtOGY4OC0zNDM2M2JjN2M0YzAiOnsicmVhZCI6NjAwMDAwMDAwMDAwfX0=",
          "dependencies": [
            "module.alb.aws_lb.main",
            "module.alb.aws_lb_target_group.front_end",
            "module.sg.aws_security_group.alb-sg",
            "module.vpc.aws_subnet.public",
            "module.vpc.aws_vpc.main"
          ]
        }
      ]
    },
    {
      "module": "module.alb",
      "mode": "managed",
      "type": "aws_lb_target_group",
      "name": "front_end",
      "provider": "provider[\"registry.terraform.io/hashicorp/aws\"]",
      "instances": [
        {
          "schema_version": 0,
          "attributes": {
            "arn": "arn:aws:elasticloadbalancing:us-east-1:425342967151:targetgroup/Ameera-tg/59e028bbe76dd3bd",
            "arn_suffix": "targetgroup/Ameera-tg/59e028bbe76dd3bd",
            "connection_termination": false,
            "deregistration_delay": "300",
            "health_check": [
              {
                "enabled": true,
                "healthy_threshold": 5,
                "interval": 30,
                "matcher": "200",
                "path": "/",
                "port": "traffic-port",
                "protocol": "HTTP",
                "timeout": 5,
                "unhealthy_threshold": 2
              }
            ],
            "id": "arn:aws:elasticloadbalancing:us-east-1:425342967151:targetgroup/Ameera-tg/59e028bbe76dd3bd",
            "ip_address_type": "ipv4",
            "lambda_multi_value_headers_enabled": false,
            "load_balancing_algorithm_type": "round_robin",
            "load_balancing_cross_zone_enabled": "use_load_balancer_configuration",
            "name": "Ameera-tg",
            "name_prefix": null,
            "port": 80,
            "preserve_client_ip": null,
            "protocol": "HTTP",
            "protocol_version": "HTTP1",
            "proxy_protocol_v2": false,
            "slow_start": 0,
            "stickiness": [
              {
                "cookie_duration": 86400,
                "cookie_name": "",
                "enabled": false,
                "type": "lb_cookie"
              }
            ],
            "tags": {},
            "tags_all": {},
            "target_failover": [
              {
                "on_deregistration": null,
                "on_unhealthy": null
              }
            ],
            "target_type": "instance",
            "vpc_id": "vpc-0cec55ca82d4812f3"
          },
          "sensitive_attributes": [],
          "private": "bnVsbA==",
          "dependencies": [
            "module.vpc.aws_vpc.main"
          ]
        }
      ]
    },
    {
      "module": "module.autoscaling_group",
      "mode": "data",
      "type": "aws_instances",
      "name": "example",
      "provider": "provider[\"registry.terraform.io/hashicorp/aws\"]",
      "instances": [
        {
          "schema_version": 0,
          "attributes": {
            "filter": null,
            "id": "us-east-1",
            "ids": [],
            "instance_state_names": null,
            "instance_tags": {
              "Name": "Ameera-asg-instance"
            },
            "ipv6_addresses": [],
            "private_ips": [],
            "public_ips": [],
            "timeouts": null
          },
          "sensitive_attributes": []
        }
      ]
    },
    {
      "module": "module.autoscaling_group",
      "mode": "managed",
      "type": "aws_autoscaling_group",
      "name": "asg",
      "provider": "provider[\"registry.terraform.io/hashicorp/aws\"]",
      "instances": [
        {
          "schema_version": 0,
          "attributes": {
            "arn": "arn:aws:autoscaling:us-east-1:425342967151:autoScalingGroup:7f736dd0-32eb-4422-a8e3-9c863b37209a:autoScalingGroupName/terraform-20230724121548753600000005",
            "availability_zones": [
              "us-east-1a",
              "us-east-1b"
            ],
            "capacity_rebalance": false,
            "context": "",
            "default_cooldown": 300,
            "default_instance_warmup": 0,
            "desired_capacity": 1,
            "desired_capacity_type": "",
            "enabled_metrics": null,
            "force_delete": false,
            "force_delete_warm_pool": false,
            "health_check_grace_period": 300,
            "health_check_type": "EC2",
            "id": "terraform-20230724121548753600000005",
            "initial_lifecycle_hook": [],
            "instance_refresh": [],
            "launch_configuration": "",
            "launch_template": [
              {
                "id": "lt-08e2de190ba89da89",
                "name": "Ameera-launch-template20230724121547930300000003",
                "version": "$Latest"
              }
            ],
            "load_balancers": [],
            "max_instance_lifetime": 0,
            "max_size": 5,
            "metrics_granularity": "1Minute",
            "min_elb_capacity": null,
            "min_size": 0,
            "mixed_instances_policy": [],
            "name": "terraform-20230724121548753600000005",
            "name_prefix": "terraform-",
            "placement_group": "",
            "predicted_capacity": 0,
            "protect_from_scale_in": false,
            "service_linked_role_arn": "arn:aws:iam::425342967151:role/aws-service-role/autoscaling.amazonaws.com/AWSServiceRoleForAutoScaling",
            "suspended_processes": null,
            "tag": [
              {
                "key": "Name",
                "propagate_at_launch": true,
                "value": "Ameera-asg-instance"
              }
            ],
            "target_group_arns": [
              "arn:aws:elasticloadbalancing:us-east-1:425342967151:targetgroup/Ameera-tg/59e028bbe76dd3bd"
            ],
            "termination_policies": null,
            "timeouts": null,
            "traffic_source": [
              {
                "identifier": "arn:aws:elasticloadbalancing:us-east-1:425342967151:targetgroup/Ameera-tg/59e028bbe76dd3bd",
                "type": "elbv2"
              }
            ],
            "vpc_zone_identifier": [
              "subnet-0254e67de48b5c8fd",
              "subnet-0344e12c3ed773d3d",
              "subnet-0bb8ad75cf3c7ca41"
            ],
            "wait_for_capacity_timeout": "10m",
            "wait_for_elb_capacity": null,
            "warm_pool": [],
            "warm_pool_size": 0
          },
          "sensitive_attributes": [],
          "private": "eyJlMmJmYjczMC1lY2FhLTExZTYtOGY4OC0zNDM2M2JjN2M0YzAiOnsiZGVsZXRlIjo2MDAwMDAwMDAwMDAsInVwZGF0ZSI6NjAwMDAwMDAwMDAwfX0=",
          "dependencies": [
            "data.template_file.db_userdata",
            "data.template_file.wordpress_userdata",
            "module.alb.aws_lb.main",
            "module.alb.aws_lb_target_group.front_end",
            "module.autoscaling_group.aws_launch_template.launch_template",
            "module.servers.aws_instance.database_server",
            "module.sg.aws_security_group.app-sg",
            "module.sg.aws_security_group.db-sg",
            "module.vpc.aws_subnet.db",
            "module.vpc.aws_subnet.private"
          ]
        }
      ]
    },
    {
      "module": "module.autoscaling_group",
      "mode": "managed",
      "type": "aws_autoscaling_policy",
      "name": "cpu_scaling_policy",
      "provider": "provider[\"registry.terraform.io/hashicorp/aws\"]",
      "instances": [
        {
          "schema_version": 0,
          "attributes": {
            "adjustment_type": "",
            "arn": "arn:aws:autoscaling:us-east-1:425342967151:scalingPolicy:cb358c67-4e68-4293-a75c-555b385394b5:autoScalingGroupName/terraform-20230724121548753600000005:policyName/Ameera-cpu-scaling-policy",
            "autoscaling_group_name": "terraform-20230724121548753600000005",
            "cooldown": 0,
            "enabled": true,
            "estimated_instance_warmup": 0,
            "id": "Ameera-cpu-scaling-policy",
            "metric_aggregation_type": "",
            "min_adjustment_magnitude": 0,
            "name": "Ameera-cpu-scaling-policy",
            "policy_type": "TargetTrackingScaling",
            "predictive_scaling_configuration": [],
            "scaling_adjustment": 0,
            "step_adjustment": [],
            "target_tracking_configuration": [
              {
                "customized_metric_specification": [],
                "disable_scale_in": false,
                "predefined_metric_specification": [
                  {
                    "predefined_metric_type": "ASGAverageCPUUtilization",
                    "resource_label": ""
                  }
                ],
                "target_value": 90
              }
            ]
          },
          "sensitive_attributes": [],
          "private": "bnVsbA==",
          "dependencies": [
            "data.template_file.db_userdata",
            "data.template_file.wordpress_userdata",
            "module.alb.aws_lb.main",
            "module.alb.aws_lb_target_group.front_end",
            "module.autoscaling_group.aws_autoscaling_group.asg",
            "module.autoscaling_group.aws_launch_template.launch_template",
            "module.servers.aws_instance.database_server",
            "module.sg.aws_security_group.app-sg",
            "module.sg.aws_security_group.db-sg",
            "module.vpc.aws_subnet.db",
            "module.vpc.aws_subnet.private"
          ]
        }
      ]
    },
    {
      "module": "module.autoscaling_group",
      "mode": "managed",
      "type": "aws_launch_template",
      "name": "launch_template",
      "provider": "provider[\"registry.terraform.io/hashicorp/aws\"]",
      "instances": [
        {
          "schema_version": 0,
          "attributes": {
            "arn": "arn:aws:ec2:us-east-1:425342967151:launch-template/lt-08e2de190ba89da89",
            "block_device_mappings": [],
            "capacity_reservation_specification": [],
            "cpu_options": [],
            "credit_specification": [],
            "default_version": 1,
            "description": "",
            "disable_api_stop": false,
            "disable_api_termination": false,
            "ebs_optimized": "",
            "elastic_gpu_specifications": [],
            "elastic_inference_accelerator": [],
            "enclave_options": [],
            "hibernation_options": [],
            "iam_instance_profile": [],
            "id": "lt-08e2de190ba89da89",
            "image_id": "ami-04823729c75214919",
            "instance_initiated_shutdown_behavior": "",
            "instance_market_options": [],
            "instance_requirements": [],
            "instance_type": "t2.micro",
            "kernel_id": "",
            "key_name": "my-key-pair",
            "latest_version": 1,
            "license_specification": [],
            "maintenance_options": [],
            "metadata_options": [],
            "monitoring": [],
            "name": "Ameera-launch-template20230724121547930300000003",
            "name_prefix": "Ameera-launch-template",
            "network_interfaces": [],
            "placement": [],
            "private_dns_name_options": [],
            "ram_disk_id": "",
            "security_group_names": null,
            "tag_specifications": [],
            "tags": null,
            "tags_all": {},
            "update_default_version": null,
            "user_data": "IyEvYmluL2Jhc2gKCiMgVXBkYXRlIHRoZSBzeXN0ZW0Kc3VkbyB5dW0gdXBkYXRlIC15CgojIEluc3RhbGwgQXBhY2hlIHdlYiBzZXJ2ZXIgYW5kIFBIUCA3CnN1ZG8gYW1hem9uLWxpbnV4LWV4dHJhcyBlbmFibGUgcGhwNy40CnN1ZG8geXVtIGluc3RhbGwgLXkgaHR0cGQgcGhwIHBocC1teXNxbG5kCgojIFN0YXJ0IHRoZSBBcGFjaGUgc2VydmljZQpzdWRvIHN5c3RlbWN0bCBzdGFydCBodHRwZApzdWRvIHN5c3RlbWN0bCBlbmFibGUgaHR0cGQKCiMgQ3JlYXRlIGluZGV4IGRpcmVjdG9yeQpzdWRvIG1rZGlyIC1wIC92YXIvd3d3L2h0bWwvaW5kZXgKCiMgQ3JlYXRlIGEgc2FtcGxlIGluZGV4Lmh0bWwgZmlsZQojZWNobyAiPGgxPlRlc3QgUGFnZTwvaDE+PHA+VGhpcyBpcyBhIHRlc3QgcGFnZS48L3A+IiB8IHN1ZG8gdGVlIC92YXIvd3d3L2h0bWwvaW5kZXgvaW5kZXguaHRtbAoKIyBEb3dubG9hZCBhbmQgaW5zdGFsbCBXb3JkUHJlc3MKY2QgL3Zhci93d3cvaHRtbApzdWRvIHdnZXQgLWMgaHR0cHM6Ly93b3JkcHJlc3Mub3JnL2xhdGVzdC50YXIuZ3ogLU8gLSB8IHN1ZG8gdGFyIC14egoKIyBNb3ZlIFdvcmRQcmVzcyBmaWxlcyB0byB0aGUgcm9vdCBkaXJlY3RvcnkKI3N1ZG8gbXYgL3Zhci93d3cvaHRtbC9pbmRleC9pbmRleC5odG1sIC4Kc3VkbyBtdiB3b3JkcHJlc3MvKiAuCnN1ZG8gcm1kaXIgd29yZHByZXNzCgojIFNldCBwZXJtaXNzaW9ucwpzdWRvIGNob3duIC1SIGFwYWNoZTphcGFjaGUgL3Zhci93d3cvaHRtbApzdWRvIGNobW9kIC1SIDc1NSAvdmFyL3d3dy9odG1sCgojIENvbmZpZ3VyZSBXb3JkUHJlc3MKc3VkbyBjcCB3cC1jb25maWctc2FtcGxlLnBocCB3cC1jb25maWcucGhwCgojIFJlcGxhY2UgdGhlIGRhdGFiYXNlIGNvbmZpZ3VyYXRpb24gdmFsdWVzCnN1ZG8gc2VkIC1pICJzL2RhdGFiYXNlX25hbWVfaGVyZS9teWRiLyIgd3AtY29uZmlnLnBocApzdWRvIHNlZCAtaSAicy91c2VybmFtZV9oZXJlL2FtZWVyYS8iIHdwLWNvbmZpZy5waHAKc3VkbyBzZWQgLWkgInMvcGFzc3dvcmRfaGVyZS8xMjM0NS8iIHdwLWNvbmZpZy5waHAKc3VkbyBzZWQgLWkgInMvbG9jYWxob3N0LzE5Mi4xNjguMjEuMTMzLyIgd3AtY29uZmlnLnBocAoKIyBTZXQgV29yZFByZXNzIEFkZHJlc3MgKFVSTCkgYW5kIFNpdGUgQWRkcmVzcyAoVVJMKQplY2hvICJkZWZpbmUoJ1dQX0hPTUUnLCdodHRwOi8vQW1lZXJhLWFsYi0xOTk3NjcxMzA1LnVzLWVhc3QtMS5lbGIuYW1hem9uYXdzLmNvbScpOyIgfCBzdWRvIHRlZSAtYSB3cC1jb25maWcucGhwCmVjaG8gImRlZmluZSgnV1BfU0lURVVSTCcsJ2h0dHA6Ly9BbWVlcmEtYWxiLTE5OTc2NzEzMDUudXMtZWFzdC0xLmVsYi5hbWF6b25hd3MuY29tJyk7IiB8IHN1ZG8gdGVlIC1hIHdwLWNvbmZpZy5waHAKCgojIE1vZGlmeSBzaXRlIGRlc2NyaXB0aW9uCmVjaG8gInVwZGF0ZV9vcHRpb24oJ2Jsb2dkZXNjcmlwdGlvbicsICdXZWxjb21lIHRvIEFtZWVyYSBXZWIgQXBwIScpOyIgfCBzdWRvIHRlZSAtYSB3cC1jb25maWcucGhwCgojIE1vZGlmeSB0aGUgbnVtYmVyIG9mIGJsb2cgcG9zdHMgc2hvd24gb24gdGhlIGhvbWVwYWdlCmVjaG8gInVwZGF0ZV9vcHRpb24oJ3Bvc3RzX3Blcl9wYWdlJywgMTApOyIgfCBzdWRvIHRlZSAtYSB3cC1jb25maWcucGhwCgojIEluc3RhbGwgV1AtQ0xJCmN1cmwgLU8gaHR0cHM6Ly9yYXcuZ2l0aHVidXNlcmNvbnRlbnQuY29tL3dwLWNsaS9idWlsZHMvZ2gtcGFnZXMvcGhhci93cC1jbGkucGhhcgpjaG1vZCAreCB3cC1jbGkucGhhcgpzdWRvIG12IHdwLWNsaS5waGFyIC91c3IvbG9jYWwvYmluL3dwCgojIEFsbG93IHd3dy1kYXRhIHVzZXIgdG8gcnVuIHdwLWNsaSBjb21tYW5kcwpzdWRvIGNob3duIC1SIGFwYWNoZTphcGFjaGUgL3Zhci93d3cKCiMgSW5zdGFsbCBhbmQgYWN0aXZhdGUgVHdlbnR5IFR3ZW50eS1PbmUgdGhlbWUKc3VkbyAtdSBhcGFjaGUgLS0gd3AgdGhlbWUgaW5zdGFsbCB0d2VudHl0d2VudHlvbmUgLS1hY3RpdmF0ZSAtLXBhdGg9L3Zhci93d3cvaHRtbAoKIyBJbnN0YWxsIGFuZCBhY3RpdmF0ZSBwbHVnaW5zCnN1ZG8gLXUgYXBhY2hlIC0tIHdwIHBsdWdpbiBpbnN0YWxsIGNsYXNzaWMtZWRpdG9yIC0tYWN0aXZhdGUgLS1wYXRoPS92YXIvd3d3L2h0bWwKc3VkbyAtdSBhcGFjaGUgLS0gd3AgcGx1Z2luIGluc3RhbGwgYWtpc21ldCAtLWFjdGl2YXRlIC0tcGF0aD0vdmFyL3d3dy9odG1sCgojIFJlc3RhcnQgQXBhY2hlIHRvIGFwcGx5IGNoYW5nZXMKc3VkbyBzeXN0ZW1jdGwgcmVzdGFydCBodHRwZAo=",
            "vpc_security_group_ids": [
              "sg-0367a77b1cf7c2383"
            ]
          },
          "sensitive_attributes": [],
          "private": "bnVsbA==",
          "dependencies": [
            "data.template_file.db_userdata",
            "data.template_file.wordpress_userdata",
            "module.alb.aws_lb.main",
            "module.servers.aws_instance.database_server",
            "module.sg.aws_security_group.app-sg",
            "module.sg.aws_security_group.db-sg",
            "module.vpc.aws_subnet.db"
          ],
          "create_before_destroy": true
        }
      ]
    },
    {
      "module": "module.ecr",
      "mode": "managed",
      "type": "aws_ecr_repository",
      "name": "ecr",
      "provider": "provider[\"registry.terraform.io/hashicorp/aws\"]",
      "instances": [
        {
          "schema_version": 0,
          "attributes": {
            "arn": "arn:aws:ecr:us-east-1:425342967151:repository/ameera.ecr.com",
            "encryption_configuration": [
              {
                "encryption_type": "AES256",
                "kms_key": ""
              }
            ],
            "force_delete": null,
            "id": "ameera.ecr.com",
            "image_scanning_configuration": [
              {
                "scan_on_push": false
              }
            ],
            "image_tag_mutability": "MUTABLE",
            "name": "ameera.ecr.com",
            "registry_id": "425342967151",
            "repository_url": "425342967151.dkr.ecr.us-east-1.amazonaws.com/ameera.ecr.com",
            "tags": null,
            "tags_all": {},
            "timeouts": null
          },
          "sensitive_attributes": [],
          "private": "eyJlMmJmYjczMC1lY2FhLTExZTYtOGY4OC0zNDM2M2JjN2M0YzAiOnsiZGVsZXRlIjoxMjAwMDAwMDAwMDAwfX0="
        }
      ]
    },
    {
      "module": "module.servers",
      "mode": "managed",
      "type": "aws_instance",
      "name": "database_server",
      "provider": "provider[\"registry.terraform.io/hashicorp/aws\"]",
      "instances": [
        {
          "schema_version": 1,
          "attributes": {
            "ami": "ami-04823729c75214919",
            "arn": "arn:aws:ec2:us-east-1:425342967151:instance/i-06ee375d4c8cc1e28",
            "associate_public_ip_address": false,
            "availability_zone": "us-east-1a",
            "capacity_reservation_specification": [
              {
                "capacity_reservation_preference": "open",
                "capacity_reservation_target": []
              }
            ],
            "cpu_core_count": 1,
            "cpu_options": [
              {
                "amd_sev_snp": "",
                "core_count": 1,
                "threads_per_core": 1
              }
            ],
            "cpu_threads_per_core": 1,
            "credit_specification": [
              {
                "cpu_credits": "standard"
              }
            ],
            "disable_api_stop": false,
            "disable_api_termination": false,
            "ebs_block_device": [],
            "ebs_optimized": false,
            "enclave_options": [
              {
                "enabled": false
              }
            ],
            "ephemeral_block_device": [],
            "get_password_data": false,
            "hibernation": false,
            "host_id": "",
            "host_resource_group_arn": null,
            "iam_instance_profile": "",
            "id": "i-06ee375d4c8cc1e28",
            "instance_initiated_shutdown_behavior": "stop",
            "instance_lifecycle": "",
            "instance_market_options": [],
            "instance_state": "running",
            "instance_type": "t2.micro",
            "ipv6_address_count": 0,
            "ipv6_addresses": [],
            "key_name": "my-key-pair",
            "launch_template": [],
            "maintenance_options": [
              {
                "auto_recovery": "default"
              }
            ],
            "metadata_options": [
              {
                "http_endpoint": "enabled",
                "http_put_response_hop_limit": 1,
                "http_tokens": "optional",
                "instance_metadata_tags": "disabled"
              }
            ],
            "monitoring": false,
            "network_interface": [],
            "outpost_arn": "",
            "password_data": "",
            "placement_group": "",
            "placement_partition_number": 0,
            "primary_network_interface_id": "eni-0c95e4dbafa23cc86",
            "private_dns": "ip-192-168-21-133.ec2.internal",
            "private_dns_name_options": [
              {
                "enable_resource_name_dns_a_record": false,
                "enable_resource_name_dns_aaaa_record": false,
                "hostname_type": "ip-name"
              }
            ],
            "private_ip": "192.168.21.133",
            "public_dns": "",
            "public_ip": "",
            "root_block_device": [
              {
                "delete_on_termination": true,
                "device_name": "/dev/xvda",
                "encrypted": false,
                "iops": 100,
                "kms_key_id": "",
                "tags": {},
                "throughput": 0,
                "volume_id": "vol-0db9bf69b04b1fb19",
                "volume_size": 8,
                "volume_type": "gp2"
              }
            ],
            "secondary_private_ips": [],
            "security_groups": [],
            "source_dest_check": true,
            "spot_instance_request_id": "",
            "subnet_id": "subnet-02692cf970da13c45",
            "tags": {
              "Name": "Ameera-database-server"
            },
            "tags_all": {
              "Name": "Ameera-database-server"
            },
            "tenancy": "default",
            "timeouts": null,
            "user_data": "b24f62aac9c618d74a2317332a9a11b3ec72dfdd",
            "user_data_base64": null,
            "user_data_replace_on_change": false,
            "volume_tags": null,
            "vpc_security_group_ids": [
              "sg-02f04dd8175c75ba6"
            ]
          },
          "sensitive_attributes": [],
          "private": "eyJlMmJmYjczMC1lY2FhLTExZTYtOGY4OC0zNDM2M2JjN2M0YzAiOnsiY3JlYXRlIjo2MDAwMDAwMDAwMDAsImRlbGV0ZSI6MTIwMDAwMDAwMDAwMCwidXBkYXRlIjo2MDAwMDAwMDAwMDB9LCJzY2hlbWFfdmVyc2lvbiI6IjEifQ==",
          "dependencies": [
            "data.template_file.db_userdata",
            "module.sg.aws_security_group.db-sg",
            "module.vpc.aws_subnet.db"
          ],
          "create_before_destroy": true
        }
      ]
    },
    {
      "module": "module.servers",
      "mode": "managed",
      "type": "aws_instance",
      "name": "jump_server",
      "provider": "provider[\"registry.terraform.io/hashicorp/aws\"]",
      "instances": [
        {
          "schema_version": 1,
          "attributes": {
            "ami": "ami-04823729c75214919",
            "arn": "arn:aws:ec2:us-east-1:425342967151:instance/i-0696bab213de48476",
            "associate_public_ip_address": true,
            "availability_zone": "us-east-1a",
            "capacity_reservation_specification": [
              {
                "capacity_reservation_preference": "open",
                "capacity_reservation_target": []
              }
            ],
            "cpu_core_count": 1,
            "cpu_options": [
              {
                "amd_sev_snp": "",
                "core_count": 1,
                "threads_per_core": 1
              }
            ],
            "cpu_threads_per_core": 1,
            "credit_specification": [
              {
                "cpu_credits": "standard"
              }
            ],
            "disable_api_stop": false,
            "disable_api_termination": false,
            "ebs_block_device": [],
            "ebs_optimized": false,
            "enclave_options": [
              {
                "enabled": false
              }
            ],
            "ephemeral_block_device": [],
            "get_password_data": false,
            "hibernation": false,
            "host_id": "",
            "host_resource_group_arn": null,
            "iam_instance_profile": "",
            "id": "i-0696bab213de48476",
            "instance_initiated_shutdown_behavior": "stop",
            "instance_lifecycle": "",
            "instance_market_options": [],
            "instance_state": "running",
            "instance_type": "t2.micro",
            "ipv6_address_count": 0,
            "ipv6_addresses": [],
            "key_name": "my-key-pair",
            "launch_template": [],
            "maintenance_options": [
              {
                "auto_recovery": "default"
              }
            ],
            "metadata_options": [
              {
                "http_endpoint": "enabled",
                "http_put_response_hop_limit": 1,
                "http_tokens": "optional",
                "instance_metadata_tags": "disabled"
              }
            ],
            "monitoring": false,
            "network_interface": [],
            "outpost_arn": "",
            "password_data": "",
            "placement_group": "",
            "placement_partition_number": 0,
            "primary_network_interface_id": "eni-0390b934f37c844f4",
            "private_dns": "ip-192-168-16-109.ec2.internal",
            "private_dns_name_options": [
              {
                "enable_resource_name_dns_a_record": false,
                "enable_resource_name_dns_aaaa_record": false,
                "hostname_type": "ip-name"
              }
            ],
            "private_ip": "192.168.16.109",
            "public_dns": "",
            "public_ip": "44.197.215.228",
            "root_block_device": [
              {
                "delete_on_termination": true,
                "device_name": "/dev/xvda",
                "encrypted": false,
                "iops": 100,
                "kms_key_id": "",
                "tags": {},
                "throughput": 0,
                "volume_id": "vol-0a415e43695d17637",
                "volume_size": 8,
                "volume_type": "gp2"
              }
            ],
            "secondary_private_ips": [],
            "security_groups": [],
            "source_dest_check": true,
            "spot_instance_request_id": "",
            "subnet_id": "subnet-0c522d7d7cb6ef377",
            "tags": {
              "Name": "Ameera-jump-server"
            },
            "tags_all": {
              "Name": "Ameera-jump-server"
            },
            "tenancy": "default",
            "timeouts": null,
            "user_data": null,
            "user_data_base64": null,
            "user_data_replace_on_change": false,
            "volume_tags": null,
            "vpc_security_group_ids": [
              "sg-01d282cd4ed79a959"
            ]
          },
          "sensitive_attributes": [],
          "private": "eyJlMmJmYjczMC1lY2FhLTExZTYtOGY4OC0zNDM2M2JjN2M0YzAiOnsiY3JlYXRlIjo2MDAwMDAwMDAwMDAsImRlbGV0ZSI6MTIwMDAwMDAwMDAwMCwidXBkYXRlIjo2MDAwMDAwMDAwMDB9LCJzY2hlbWFfdmVyc2lvbiI6IjEifQ==",
          "dependencies": [
            "module.sg.aws_security_group.js-sg",
            "module.vpc.aws_subnet.public"
          ]
        }
      ]
    },
    {
      "module": "module.sg",
      "mode": "managed",
      "type": "aws_security_group",
      "name": "alb-sg",
      "provider": "provider[\"registry.terraform.io/hashicorp/aws\"]",
      "instances": [
        {
          "schema_version": 1,
          "attributes": {
            "arn": "arn:aws:ec2:us-east-1:425342967151:security-group/sg-0c38aa1b4b7cb805d",
            "description": "Managed by Terraform",
            "egress": [
              {
                "cidr_blocks": [
                  "0.0.0.0/0"
                ],
                "description": "",
                "from_port": 0,
                "ipv6_cidr_blocks": [],
                "prefix_list_ids": [],
                "protocol": "-1",
                "security_groups": [],
                "self": false,
                "to_port": 0
              }
            ],
            "id": "sg-0c38aa1b4b7cb805d",
            "ingress": [
              {
                "cidr_blocks": [
                  "0.0.0.0/0"
                ],
                "description": "HTTP",
                "from_port": 80,
                "ipv6_cidr_blocks": [],
                "prefix_list_ids": [],
                "protocol": "tcp",
                "security_groups": [],
                "self": false,
                "to_port": 80
              }
            ],
            "name": "Ameera-alb-sg",
            "name_prefix": "",
            "owner_id": "425342967151",
            "revoke_rules_on_delete": false,
            "tags": {
              "Name": "Ameera-alb-sg"
            },
            "tags_all": {
              "Name": "Ameera-alb-sg"
            },
            "timeouts": null,
            "vpc_id": "vpc-0cec55ca82d4812f3"
          },
          "sensitive_attributes": [],
          "private": "eyJlMmJmYjczMC1lY2FhLTExZTYtOGY4OC0zNDM2M2JjN2M0YzAiOnsiY3JlYXRlIjo2MDAwMDAwMDAwMDAsImRlbGV0ZSI6OTAwMDAwMDAwMDAwfSwic2NoZW1hX3ZlcnNpb24iOiIxIn0=",
          "dependencies": [
            "module.vpc.aws_vpc.main"
          ],
          "create_before_destroy": true
        }
      ]
    },
    {
      "module": "module.sg",
      "mode": "managed",
      "type": "aws_security_group",
      "name": "app-sg",
      "provider": "provider[\"registry.terraform.io/hashicorp/aws\"]",
      "instances": [
        {
          "schema_version": 1,
          "attributes": {
            "arn": "arn:aws:ec2:us-east-1:425342967151:security-group/sg-0367a77b1cf7c2383",
            "description": "Managed by Terraform",
            "egress": [
              {
                "cidr_blocks": [
                  "0.0.0.0/0"
                ],
                "description": "",
                "from_port": 0,
                "ipv6_cidr_blocks": [],
                "prefix_list_ids": [],
                "protocol": "-1",
                "security_groups": [],
                "self": false,
                "to_port": 0
              }
            ],
            "id": "sg-0367a77b1cf7c2383",
            "ingress": [
              {
                "cidr_blocks": [],
                "description": "ALB",
                "from_port": 80,
                "ipv6_cidr_blocks": [],
                "prefix_list_ids": [],
                "protocol": "tcp",
                "security_groups": [
                  "sg-0c38aa1b4b7cb805d"
                ],
                "self": false,
                "to_port": 80
              },
              {
                "cidr_blocks": [],
                "description": "SSH from Jump Server",
                "from_port": 22,
                "ipv6_cidr_blocks": [],
                "prefix_list_ids": [],
                "protocol": "tcp",
                "security_groups": [
                  "sg-01d282cd4ed79a959"
                ],
                "self": false,
                "to_port": 22
              }
            ],
            "name": "Ameera-app-sg",
            "name_prefix": "",
            "owner_id": "425342967151",
            "revoke_rules_on_delete": false,
            "tags": {
              "Name": "Ameera-app-sg"
            },
            "tags_all": {
              "Name": "Ameera-app-sg"
            },
            "timeouts": null,
            "vpc_id": "vpc-0cec55ca82d4812f3"
          },
          "sensitive_attributes": [],
          "private": "eyJlMmJmYjczMC1lY2FhLTExZTYtOGY4OC0zNDM2M2JjN2M0YzAiOnsiY3JlYXRlIjo2MDAwMDAwMDAwMDAsImRlbGV0ZSI6OTAwMDAwMDAwMDAwfSwic2NoZW1hX3ZlcnNpb24iOiIxIn0=",
          "dependencies": [
            "module.sg.aws_security_group.alb-sg",
            "module.sg.aws_security_group.js-sg",
            "module.vpc.aws_vpc.main"
          ],
          "create_before_destroy": true
        }
      ]
    },
    {
      "module": "module.sg",
      "mode": "managed",
      "type": "aws_security_group",
      "name": "db-sg",
      "provider": "provider[\"registry.terraform.io/hashicorp/aws\"]",
      "instances": [
        {
          "schema_version": 1,
          "attributes": {
            "arn": "arn:aws:ec2:us-east-1:425342967151:security-group/sg-02f04dd8175c75ba6",
            "description": "Managed by Terraform",
            "egress": [
              {
                "cidr_blocks": [
                  "0.0.0.0/0"
                ],
                "description": "",
                "from_port": 0,
                "ipv6_cidr_blocks": [],
                "prefix_list_ids": [],
                "protocol": "-1",
                "security_groups": [],
                "self": false,
                "to_port": 0
              }
            ],
            "id": "sg-02f04dd8175c75ba6",
            "ingress": [
              {
                "cidr_blocks": [
                  "0.0.0.0/0"
                ],
                "description": "Allow SSH",
                "from_port": 22,
                "ipv6_cidr_blocks": [],
                "prefix_list_ids": [],
                "protocol": "tcp",
                "security_groups": [],
                "self": false,
                "to_port": 22
              },
              {
                "cidr_blocks": [],
                "description": "Allow APP",
                "from_port": 3306,
                "ipv6_cidr_blocks": [],
                "prefix_list_ids": [],
                "protocol": "tcp",
                "security_groups": [
                  "sg-0367a77b1cf7c2383"
                ],
                "self": false,
                "to_port": 3306
              }
            ],
            "name": "Ameera-db-sg",
            "name_prefix": "",
            "owner_id": "425342967151",
            "revoke_rules_on_delete": false,
            "tags": {
              "Name": "Ameera-db-sg"
            },
            "tags_all": {
              "Name": "Ameera-db-sg"
            },
            "timeouts": null,
            "vpc_id": "vpc-0cec55ca82d4812f3"
          },
          "sensitive_attributes": [],
          "private": "eyJlMmJmYjczMC1lY2FhLTExZTYtOGY4OC0zNDM2M2JjN2M0YzAiOnsiY3JlYXRlIjo2MDAwMDAwMDAwMDAsImRlbGV0ZSI6OTAwMDAwMDAwMDAwfSwic2NoZW1hX3ZlcnNpb24iOiIxIn0=",
          "dependencies": [
            "module.sg.aws_security_group.alb-sg",
            "module.sg.aws_security_group.app-sg",
            "module.sg.aws_security_group.js-sg",
            "module.vpc.aws_vpc.main"
          ],
          "create_before_destroy": true
        }
      ]
    },
    {
      "module": "module.sg",
      "mode": "managed",
      "type": "aws_security_group",
      "name": "js-sg",
      "provider": "provider[\"registry.terraform.io/hashicorp/aws\"]",
      "instances": [
        {
          "schema_version": 1,
          "attributes": {
            "arn": "arn:aws:ec2:us-east-1:425342967151:security-group/sg-01d282cd4ed79a959",
            "description": "Managed by Terraform",
            "egress": [
              {
                "cidr_blocks": [
                  "0.0.0.0/0"
                ],
                "description": "",
                "from_port": 0,
                "ipv6_cidr_blocks": [],
                "prefix_list_ids": [],
                "protocol": "-1",
                "security_groups": [],
                "self": false,
                "to_port": 0
              }
            ],
            "id": "sg-01d282cd4ed79a959",
            "ingress": [
              {
                "cidr_blocks": [
                  "0.0.0.0/0"
                ],
                "description": "All",
                "from_port": 0,
                "ipv6_cidr_blocks": [],
                "prefix_list_ids": [],
                "protocol": "-1",
                "security_groups": [],
                "self": false,
                "to_port": 0
              },
              {
                "cidr_blocks": [
                  "0.0.0.0/0"
                ],
                "description": "HTTP",
                "from_port": 80,
                "ipv6_cidr_blocks": [],
                "prefix_list_ids": [],
                "protocol": "tcp",
                "security_groups": [],
                "self": false,
                "to_port": 80
              },
              {
                "cidr_blocks": [
                  "0.0.0.0/0"
                ],
                "description": "SSH",
                "from_port": 22,
                "ipv6_cidr_blocks": [],
                "prefix_list_ids": [],
                "protocol": "tcp",
                "security_groups": [],
                "self": false,
                "to_port": 22
              }
            ],
            "name": "Ameera-jump-server-sg",
            "name_prefix": "",
            "owner_id": "425342967151",
            "revoke_rules_on_delete": false,
            "tags": {
              "Name": "Ameera-jump-server-sg"
            },
            "tags_all": {
              "Name": "Ameera-jump-server-sg"
            },
            "timeouts": null,
            "vpc_id": "vpc-0cec55ca82d4812f3"
          },
          "sensitive_attributes": [],
          "private": "eyJlMmJmYjczMC1lY2FhLTExZTYtOGY4OC0zNDM2M2JjN2M0YzAiOnsiY3JlYXRlIjo2MDAwMDAwMDAwMDAsImRlbGV0ZSI6OTAwMDAwMDAwMDAwfSwic2NoZW1hX3ZlcnNpb24iOiIxIn0=",
          "dependencies": [
            "module.vpc.aws_vpc.main"
          ],
          "create_before_destroy": true
        }
      ]
    },
    {
      "module": "module.vpc",
      "mode": "managed",
      "type": "aws_eip",
      "name": "gw",
      "provider": "provider[\"registry.terraform.io/hashicorp/aws\"]",
      "instances": [
        {
          "schema_version": 0,
          "attributes": {
            "address": null,
            "allocation_id": "eipalloc-0079aea12a8464174",
            "associate_with_private_ip": null,
            "association_id": "eipassoc-09f677ca8e047b874",
            "carrier_ip": "",
            "customer_owned_ip": "",
            "customer_owned_ipv4_pool": "",
            "domain": "vpc",
            "id": "eipalloc-0079aea12a8464174",
            "instance": "",
            "network_border_group": "us-east-1",
            "network_interface": "eni-0e963c784bc0062d0",
            "private_dns": "ip-192-168-16-242.ec2.internal",
            "private_ip": "192.168.16.242",
            "public_dns": "ec2-34-196-48-141.compute-1.amazonaws.com",
            "public_ip": "34.196.48.141",
            "public_ipv4_pool": "amazon",
            "tags": {
              "Name": "Ameera-nat-eip"
            },
            "tags_all": {
              "Name": "Ameera-nat-eip"
            },
            "timeouts": null,
            "vpc": true
          },
          "sensitive_attributes": [],
          "private": "eyJlMmJmYjczMC1lY2FhLTExZTYtOGY4OC0zNDM2M2JjN2M0YzAiOnsiZGVsZXRlIjoxODAwMDAwMDAwMDAsInJlYWQiOjkwMDAwMDAwMDAwMCwidXBkYXRlIjozMDAwMDAwMDAwMDB9fQ=="
        }
      ]
    },
    {
      "module": "module.vpc",
      "mode": "managed",
      "type": "aws_internet_gateway",
      "name": "main",
      "provider": "provider[\"registry.terraform.io/hashicorp/aws\"]",
      "instances": [
        {
          "schema_version": 0,
          "attributes": {
            "arn": "arn:aws:ec2:us-east-1:425342967151:internet-gateway/igw-06cbb35cd0480d265",
            "id": "igw-06cbb35cd0480d265",
            "owner_id": "425342967151",
            "tags": {
              "Name": "Ameera-internet-gateway"
            },
            "tags_all": {
              "Name": "Ameera-internet-gateway"
            },
            "timeouts": null,
            "vpc_id": "vpc-0cec55ca82d4812f3"
          },
          "sensitive_attributes": [],
          "private": "eyJlMmJmYjczMC1lY2FhLTExZTYtOGY4OC0zNDM2M2JjN2M0YzAiOnsiY3JlYXRlIjoxMjAwMDAwMDAwMDAwLCJkZWxldGUiOjEyMDAwMDAwMDAwMDAsInVwZGF0ZSI6MTIwMDAwMDAwMDAwMH19",
          "dependencies": [
            "module.vpc.aws_vpc.main"
          ]
        }
      ]
    },
    {
      "module": "module.vpc",
      "mode": "managed",
      "type": "aws_nat_gateway",
      "name": "gw",
      "provider": "provider[\"registry.terraform.io/hashicorp/aws\"]",
      "instances": [
        {
          "schema_version": 0,
          "attributes": {
            "allocation_id": "eipalloc-0079aea12a8464174",
            "association_id": "eipassoc-09f677ca8e047b874",
            "connectivity_type": "public",
            "id": "nat-09899d0cfdad47984",
            "network_interface_id": "eni-0e963c784bc0062d0",
            "private_ip": "192.168.16.242",
            "public_ip": "34.196.48.141",
            "subnet_id": "subnet-0c522d7d7cb6ef377",
            "tags": {
              "Name": "Ameera-nat-gw"
            },
            "tags_all": {
              "Name": "Ameera-nat-gw"
            }
          },
          "sensitive_attributes": [],
          "private": "bnVsbA==",
          "dependencies": [
            "module.vpc.aws_eip.gw",
            "module.vpc.aws_subnet.public",
            "module.vpc.aws_vpc.main"
          ]
        }
      ]
    },
    {
      "module": "module.vpc",
      "mode": "managed",
      "type": "aws_route_table",
      "name": "private",
      "provider": "provider[\"registry.terraform.io/hashicorp/aws\"]",
      "instances": [
        {
          "schema_version": 0,
          "attributes": {
            "arn": "arn:aws:ec2:us-east-1:425342967151:route-table/rtb-0bfd46b03ee1487c0",
            "id": "rtb-0bfd46b03ee1487c0",
            "owner_id": "425342967151",
            "propagating_vgws": [],
            "route": [
              {
                "carrier_gateway_id": "",
                "cidr_block": "0.0.0.0/0",
                "core_network_arn": "",
                "destination_prefix_list_id": "",
                "egress_only_gateway_id": "",
                "gateway_id": "",
                "ipv6_cidr_block": "",
                "local_gateway_id": "",
                "nat_gateway_id": "nat-09899d0cfdad47984",
                "network_interface_id": "",
                "transit_gateway_id": "",
                "vpc_endpoint_id": "",
                "vpc_peering_connection_id": ""
              }
            ],
            "tags": {
              "Name": "Ameera-private-route-table"
            },
            "tags_all": {
              "Name": "Ameera-private-route-table"
            },
            "timeouts": null,
            "vpc_id": "vpc-0cec55ca82d4812f3"
          },
          "sensitive_attributes": [],
          "private": "eyJlMmJmYjczMC1lY2FhLTExZTYtOGY4OC0zNDM2M2JjN2M0YzAiOnsiY3JlYXRlIjozMDAwMDAwMDAwMDAsImRlbGV0ZSI6MzAwMDAwMDAwMDAwLCJ1cGRhdGUiOjEyMDAwMDAwMDAwMH19",
          "dependencies": [
            "module.vpc.aws_eip.gw",
            "module.vpc.aws_nat_gateway.gw",
            "module.vpc.aws_subnet.public",
            "module.vpc.aws_vpc.main"
          ]
        }
      ]
    },
    {
      "module": "module.vpc",
      "mode": "managed",
      "type": "aws_route_table",
      "name": "public",
      "provider": "provider[\"registry.terraform.io/hashicorp/aws\"]",
      "instances": [
        {
          "schema_version": 0,
          "attributes": {
            "arn": "arn:aws:ec2:us-east-1:425342967151:route-table/rtb-06703bb0253c99daa",
            "id": "rtb-06703bb0253c99daa",
            "owner_id": "425342967151",
            "propagating_vgws": [],
            "route": [
              {
                "carrier_gateway_id": "",
                "cidr_block": "0.0.0.0/0",
                "core_network_arn": "",
                "destination_prefix_list_id": "",
                "egress_only_gateway_id": "",
                "gateway_id": "igw-06cbb35cd0480d265",
                "ipv6_cidr_block": "",
                "local_gateway_id": "",
                "nat_gateway_id": "",
                "network_interface_id": "",
                "transit_gateway_id": "",
                "vpc_endpoint_id": "",
                "vpc_peering_connection_id": ""
              }
            ],
            "tags": {
              "Name": "Ameera-public-route-table"
            },
            "tags_all": {
              "Name": "Ameera-public-route-table"
            },
            "timeouts": null,
            "vpc_id": "vpc-0cec55ca82d4812f3"
          },
          "sensitive_attributes": [],
          "private": "eyJlMmJmYjczMC1lY2FhLTExZTYtOGY4OC0zNDM2M2JjN2M0YzAiOnsiY3JlYXRlIjozMDAwMDAwMDAwMDAsImRlbGV0ZSI6MzAwMDAwMDAwMDAwLCJ1cGRhdGUiOjEyMDAwMDAwMDAwMH19",
          "dependencies": [
            "module.vpc.aws_internet_gateway.main",
            "module.vpc.aws_vpc.main"
          ]
        }
      ]
    },
    {
      "module": "module.vpc",
      "mode": "managed",
      "type": "aws_route_table_association",
      "name": "db_subnet_association",
      "provider": "provider[\"registry.terraform.io/hashicorp/aws\"]",
      "instances": [
        {
          "index_key": 0,
          "schema_version": 0,
          "attributes": {
            "gateway_id": "",
            "id": "rtbassoc-0ec5601c71542fc9f",
            "route_table_id": "rtb-0bfd46b03ee1487c0",
            "subnet_id": "subnet-02692cf970da13c45",
            "timeouts": null
          },
          "sensitive_attributes": [],
          "private": "eyJlMmJmYjczMC1lY2FhLTExZTYtOGY4OC0zNDM2M2JjN2M0YzAiOnsiY3JlYXRlIjozMDAwMDAwMDAwMDAsImRlbGV0ZSI6MzAwMDAwMDAwMDAwLCJ1cGRhdGUiOjEyMDAwMDAwMDAwMH19",
          "dependencies": [
            "module.vpc.aws_eip.gw",
            "module.vpc.aws_nat_gateway.gw",
            "module.vpc.aws_route_table.private",
            "module.vpc.aws_subnet.db",
            "module.vpc.aws_subnet.public",
            "module.vpc.aws_vpc.main"
          ]
        }
      ]
    },
    {
      "module": "module.vpc",
      "mode": "managed",
      "type": "aws_route_table_association",
      "name": "private_subnet_association",
      "provider": "provider[\"registry.terraform.io/hashicorp/aws\"]",
      "instances": [
        {
          "index_key": 0,
          "schema_version": 0,
          "attributes": {
            "gateway_id": "",
            "id": "rtbassoc-0e16f627127ed1a8a",
            "route_table_id": "rtb-0bfd46b03ee1487c0",
            "subnet_id": "subnet-0bb8ad75cf3c7ca41",
            "timeouts": null
          },
          "sensitive_attributes": [],
          "private": "eyJlMmJmYjczMC1lY2FhLTExZTYtOGY4OC0zNDM2M2JjN2M0YzAiOnsiY3JlYXRlIjozMDAwMDAwMDAwMDAsImRlbGV0ZSI6MzAwMDAwMDAwMDAwLCJ1cGRhdGUiOjEyMDAwMDAwMDAwMH19",
          "dependencies": [
            "module.vpc.aws_eip.gw",
            "module.vpc.aws_nat_gateway.gw",
            "module.vpc.aws_route_table.private",
            "module.vpc.aws_subnet.private",
            "module.vpc.aws_subnet.public",
            "module.vpc.aws_vpc.main"
          ]
        },
        {
          "index_key": 1,
          "schema_version": 0,
          "attributes": {
            "gateway_id": "",
            "id": "rtbassoc-014117d7c1e2f9b12",
            "route_table_id": "rtb-0bfd46b03ee1487c0",
            "subnet_id": "subnet-0254e67de48b5c8fd",
            "timeouts": null
          },
          "sensitive_attributes": [],
          "private": "eyJlMmJmYjczMC1lY2FhLTExZTYtOGY4OC0zNDM2M2JjN2M0YzAiOnsiY3JlYXRlIjozMDAwMDAwMDAwMDAsImRlbGV0ZSI6MzAwMDAwMDAwMDAwLCJ1cGRhdGUiOjEyMDAwMDAwMDAwMH19",
          "dependencies": [
            "module.vpc.aws_eip.gw",
            "module.vpc.aws_nat_gateway.gw",
            "module.vpc.aws_route_table.private",
            "module.vpc.aws_subnet.private",
            "module.vpc.aws_subnet.public",
            "module.vpc.aws_vpc.main"
          ]
        },
        {
          "index_key": 2,
          "schema_version": 0,
          "attributes": {
            "gateway_id": "",
            "id": "rtbassoc-09527800954fdf809",
            "route_table_id": "rtb-0bfd46b03ee1487c0",
            "subnet_id": "subnet-0344e12c3ed773d3d",
            "timeouts": null
          },
          "sensitive_attributes": [],
          "private": "eyJlMmJmYjczMC1lY2FhLTExZTYtOGY4OC0zNDM2M2JjN2M0YzAiOnsiY3JlYXRlIjozMDAwMDAwMDAwMDAsImRlbGV0ZSI6MzAwMDAwMDAwMDAwLCJ1cGRhdGUiOjEyMDAwMDAwMDAwMH19",
          "dependencies": [
            "module.vpc.aws_eip.gw",
            "module.vpc.aws_nat_gateway.gw",
            "module.vpc.aws_route_table.private",
            "module.vpc.aws_subnet.private",
            "module.vpc.aws_subnet.public",
            "module.vpc.aws_vpc.main"
          ]
        }
      ]
    },
    {
      "module": "module.vpc",
      "mode": "managed",
      "type": "aws_route_table_association",
      "name": "public_subnet_association",
      "provider": "provider[\"registry.terraform.io/hashicorp/aws\"]",
      "instances": [
        {
          "index_key": 0,
          "schema_version": 0,
          "attributes": {
            "gateway_id": "",
            "id": "rtbassoc-0bf274832268f1bbb",
            "route_table_id": "rtb-06703bb0253c99daa",
            "subnet_id": "subnet-0c522d7d7cb6ef377",
            "timeouts": null
          },
          "sensitive_attributes": [],
          "private": "eyJlMmJmYjczMC1lY2FhLTExZTYtOGY4OC0zNDM2M2JjN2M0YzAiOnsiY3JlYXRlIjozMDAwMDAwMDAwMDAsImRlbGV0ZSI6MzAwMDAwMDAwMDAwLCJ1cGRhdGUiOjEyMDAwMDAwMDAwMH19",
          "dependencies": [
            "module.vpc.aws_internet_gateway.main",
            "module.vpc.aws_route_table.public",
            "module.vpc.aws_subnet.public",
            "module.vpc.aws_vpc.main"
          ]
        },
        {
          "index_key": 1,
          "schema_version": 0,
          "attributes": {
            "gateway_id": "",
            "id": "rtbassoc-061928afae9cd7e7b",
            "route_table_id": "rtb-06703bb0253c99daa",
            "subnet_id": "subnet-0e8bc3dae36baac75",
            "timeouts": null
          },
          "sensitive_attributes": [],
          "private": "eyJlMmJmYjczMC1lY2FhLTExZTYtOGY4OC0zNDM2M2JjN2M0YzAiOnsiY3JlYXRlIjozMDAwMDAwMDAwMDAsImRlbGV0ZSI6MzAwMDAwMDAwMDAwLCJ1cGRhdGUiOjEyMDAwMDAwMDAwMH19",
          "dependencies": [
            "module.vpc.aws_internet_gateway.main",
            "module.vpc.aws_route_table.public",
            "module.vpc.aws_subnet.public",
            "module.vpc.aws_vpc.main"
          ]
        }
      ]
    },
    {
      "module": "module.vpc",
      "mode": "managed",
      "type": "aws_subnet",
      "name": "db",
      "provider": "provider[\"registry.terraform.io/hashicorp/aws\"]",
      "instances": [
        {
          "index_key": 0,
          "schema_version": 1,
          "attributes": {
            "arn": "arn:aws:ec2:us-east-1:425342967151:subnet/subnet-02692cf970da13c45",
            "assign_ipv6_address_on_creation": false,
            "availability_zone": "us-east-1a",
            "availability_zone_id": "use1-az1",
            "cidr_block": "192.168.21.0/24",
            "customer_owned_ipv4_pool": "",
            "enable_dns64": false,
            "enable_lni_at_device_index": 0,
            "enable_resource_name_dns_a_record_on_launch": false,
            "enable_resource_name_dns_aaaa_record_on_launch": false,
            "id": "subnet-02692cf970da13c45",
            "ipv6_cidr_block": "",
            "ipv6_cidr_block_association_id": "",
            "ipv6_native": false,
            "map_customer_owned_ip_on_launch": false,
            "map_public_ip_on_launch": false,
            "outpost_arn": "",
            "owner_id": "425342967151",
            "private_dns_hostname_type_on_launch": "ip-name",
            "tags": {
              "Name": "Ameera-db-subnet-1"
            },
            "tags_all": {
              "Name": "Ameera-db-subnet-1"
            },
            "timeouts": null,
            "vpc_id": "vpc-0cec55ca82d4812f3"
          },
          "sensitive_attributes": [],
          "private": "eyJlMmJmYjczMC1lY2FhLTExZTYtOGY4OC0zNDM2M2JjN2M0YzAiOnsiY3JlYXRlIjo2MDAwMDAwMDAwMDAsImRlbGV0ZSI6MTIwMDAwMDAwMDAwMH0sInNjaGVtYV92ZXJzaW9uIjoiMSJ9",
          "dependencies": [
            "module.vpc.aws_vpc.main"
          ],
          "create_before_destroy": true
        }
      ]
    },
    {
      "module": "module.vpc",
      "mode": "managed",
      "type": "aws_subnet",
      "name": "private",
      "provider": "provider[\"registry.terraform.io/hashicorp/aws\"]",
      "instances": [
        {
          "index_key": 0,
          "schema_version": 1,
          "attributes": {
            "arn": "arn:aws:ec2:us-east-1:425342967151:subnet/subnet-0bb8ad75cf3c7ca41",
            "assign_ipv6_address_on_creation": false,
            "availability_zone": "us-east-1a",
            "availability_zone_id": "use1-az1",
            "cidr_block": "192.168.18.0/24",
            "customer_owned_ipv4_pool": "",
            "enable_dns64": false,
            "enable_lni_at_device_index": 0,
            "enable_resource_name_dns_a_record_on_launch": false,
            "enable_resource_name_dns_aaaa_record_on_launch": false,
            "id": "subnet-0bb8ad75cf3c7ca41",
            "ipv6_cidr_block": "",
            "ipv6_cidr_block_association_id": "",
            "ipv6_native": false,
            "map_customer_owned_ip_on_launch": false,
            "map_public_ip_on_launch": false,
            "outpost_arn": "",
            "owner_id": "425342967151",
            "private_dns_hostname_type_on_launch": "ip-name",
            "tags": {
              "Name": "Ameera-private-subnet-1"
            },
            "tags_all": {
              "Name": "Ameera-private-subnet-1"
            },
            "timeouts": null,
            "vpc_id": "vpc-0cec55ca82d4812f3"
          },
          "sensitive_attributes": [],
          "private": "eyJlMmJmYjczMC1lY2FhLTExZTYtOGY4OC0zNDM2M2JjN2M0YzAiOnsiY3JlYXRlIjo2MDAwMDAwMDAwMDAsImRlbGV0ZSI6MTIwMDAwMDAwMDAwMH0sInNjaGVtYV92ZXJzaW9uIjoiMSJ9",
          "dependencies": [
            "module.vpc.aws_vpc.main"
          ]
        },
        {
          "index_key": 1,
          "schema_version": 1,
          "attributes": {
            "arn": "arn:aws:ec2:us-east-1:425342967151:subnet/subnet-0254e67de48b5c8fd",
            "assign_ipv6_address_on_creation": false,
            "availability_zone": "us-east-1b",
            "availability_zone_id": "use1-az2",
            "cidr_block": "192.168.19.0/24",
            "customer_owned_ipv4_pool": "",
            "enable_dns64": false,
            "enable_lni_at_device_index": 0,
            "enable_resource_name_dns_a_record_on_launch": false,
            "enable_resource_name_dns_aaaa_record_on_launch": false,
            "id": "subnet-0254e67de48b5c8fd",
            "ipv6_cidr_block": "",
            "ipv6_cidr_block_association_id": "",
            "ipv6_native": false,
            "map_customer_owned_ip_on_launch": false,
            "map_public_ip_on_launch": false,
            "outpost_arn": "",
            "owner_id": "425342967151",
            "private_dns_hostname_type_on_launch": "ip-name",
            "tags": {
              "Name": "Ameera-private-subnet-2"
            },
            "tags_all": {
              "Name": "Ameera-private-subnet-2"
            },
            "timeouts": null,
            "vpc_id": "vpc-0cec55ca82d4812f3"
          },
          "sensitive_attributes": [],
          "private": "eyJlMmJmYjczMC1lY2FhLTExZTYtOGY4OC0zNDM2M2JjN2M0YzAiOnsiY3JlYXRlIjo2MDAwMDAwMDAwMDAsImRlbGV0ZSI6MTIwMDAwMDAwMDAwMH0sInNjaGVtYV92ZXJzaW9uIjoiMSJ9",
          "dependencies": [
            "module.vpc.aws_vpc.main"
          ]
        },
        {
          "index_key": 2,
          "schema_version": 1,
          "attributes": {
            "arn": "arn:aws:ec2:us-east-1:425342967151:subnet/subnet-0344e12c3ed773d3d",
            "assign_ipv6_address_on_creation": false,
            "availability_zone": "us-east-1a",
            "availability_zone_id": "use1-az1",
            "cidr_block": "192.168.20.0/24",
            "customer_owned_ipv4_pool": "",
            "enable_dns64": false,
            "enable_lni_at_device_index": 0,
            "enable_resource_name_dns_a_record_on_launch": false,
            "enable_resource_name_dns_aaaa_record_on_launch": false,
            "id": "subnet-0344e12c3ed773d3d",
            "ipv6_cidr_block": "",
            "ipv6_cidr_block_association_id": "",
            "ipv6_native": false,
            "map_customer_owned_ip_on_launch": false,
            "map_public_ip_on_launch": false,
            "outpost_arn": "",
            "owner_id": "425342967151",
            "private_dns_hostname_type_on_launch": "ip-name",
            "tags": {
              "Name": "Ameera-private-subnet-3"
            },
            "tags_all": {
              "Name": "Ameera-private-subnet-3"
            },
            "timeouts": null,
            "vpc_id": "vpc-0cec55ca82d4812f3"
          },
          "sensitive_attributes": [],
          "private": "eyJlMmJmYjczMC1lY2FhLTExZTYtOGY4OC0zNDM2M2JjN2M0YzAiOnsiY3JlYXRlIjo2MDAwMDAwMDAwMDAsImRlbGV0ZSI6MTIwMDAwMDAwMDAwMH0sInNjaGVtYV92ZXJzaW9uIjoiMSJ9",
          "dependencies": [
            "module.vpc.aws_vpc.main"
          ]
        }
      ]
    },
    {
      "module": "module.vpc",
      "mode": "managed",
      "type": "aws_subnet",
      "name": "public",
      "provider": "provider[\"registry.terraform.io/hashicorp/aws\"]",
      "instances": [
        {
          "index_key": 0,
          "schema_version": 1,
          "attributes": {
            "arn": "arn:aws:ec2:us-east-1:425342967151:subnet/subnet-0c522d7d7cb6ef377",
            "assign_ipv6_address_on_creation": false,
            "availability_zone": "us-east-1a",
            "availability_zone_id": "use1-az1",
            "cidr_block": "192.168.16.0/24",
            "customer_owned_ipv4_pool": "",
            "enable_dns64": false,
            "enable_lni_at_device_index": 0,
            "enable_resource_name_dns_a_record_on_launch": false,
            "enable_resource_name_dns_aaaa_record_on_launch": false,
            "id": "subnet-0c522d7d7cb6ef377",
            "ipv6_cidr_block": "",
            "ipv6_cidr_block_association_id": "",
            "ipv6_native": false,
            "map_customer_owned_ip_on_launch": false,
            "map_public_ip_on_launch": true,
            "outpost_arn": "",
            "owner_id": "425342967151",
            "private_dns_hostname_type_on_launch": "ip-name",
            "tags": {
              "Name": "Ameera-public-subnet-1"
            },
            "tags_all": {
              "Name": "Ameera-public-subnet-1"
            },
            "timeouts": null,
            "vpc_id": "vpc-0cec55ca82d4812f3"
          },
          "sensitive_attributes": [],
          "private": "eyJlMmJmYjczMC1lY2FhLTExZTYtOGY4OC0zNDM2M2JjN2M0YzAiOnsiY3JlYXRlIjo2MDAwMDAwMDAwMDAsImRlbGV0ZSI6MTIwMDAwMDAwMDAwMH0sInNjaGVtYV92ZXJzaW9uIjoiMSJ9",
          "dependencies": [
            "module.vpc.aws_vpc.main"
          ],
          "create_before_destroy": true
        },
        {
          "index_key": 1,
          "schema_version": 1,
          "attributes": {
            "arn": "arn:aws:ec2:us-east-1:425342967151:subnet/subnet-0e8bc3dae36baac75",
            "assign_ipv6_address_on_creation": false,
            "availability_zone": "us-east-1b",
            "availability_zone_id": "use1-az2",
            "cidr_block": "192.168.17.0/24",
            "customer_owned_ipv4_pool": "",
            "enable_dns64": false,
            "enable_lni_at_device_index": 0,
            "enable_resource_name_dns_a_record_on_launch": false,
            "enable_resource_name_dns_aaaa_record_on_launch": false,
            "id": "subnet-0e8bc3dae36baac75",
            "ipv6_cidr_block": "",
            "ipv6_cidr_block_association_id": "",
            "ipv6_native": false,
            "map_customer_owned_ip_on_launch": false,
            "map_public_ip_on_launch": true,
            "outpost_arn": "",
            "owner_id": "425342967151",
            "private_dns_hostname_type_on_launch": "ip-name",
            "tags": {
              "Name": "Ameera-public-subnet-2"
            },
            "tags_all": {
              "Name": "Ameera-public-subnet-2"
            },
            "timeouts": null,
            "vpc_id": "vpc-0cec55ca82d4812f3"
          },
          "sensitive_attributes": [],
          "private": "eyJlMmJmYjczMC1lY2FhLTExZTYtOGY4OC0zNDM2M2JjN2M0YzAiOnsiY3JlYXRlIjo2MDAwMDAwMDAwMDAsImRlbGV0ZSI6MTIwMDAwMDAwMDAwMH0sInNjaGVtYV92ZXJzaW9uIjoiMSJ9",
          "dependencies": [
            "module.vpc.aws_vpc.main"
          ],
          "create_before_destroy": true
        }
      ]
    },
    {
      "module": "module.vpc",
      "mode": "managed",
      "type": "aws_vpc",
      "name": "main",
      "provider": "provider[\"registry.terraform.io/hashicorp/aws\"]",
      "instances": [
        {
          "schema_version": 1,
          "attributes": {
            "arn": "arn:aws:ec2:us-east-1:425342967151:vpc/vpc-0cec55ca82d4812f3",
            "assign_generated_ipv6_cidr_block": false,
            "cidr_block": "192.168.16.0/20",
            "default_network_acl_id": "acl-0ba1b4b97231e9329",
            "default_route_table_id": "rtb-09be78a5a233bb5c2",
            "default_security_group_id": "sg-04882640dc7346fb5",
            "dhcp_options_id": "dopt-02f53a82fabd21285",
            "enable_dns_hostnames": false,
            "enable_dns_support": true,
            "enable_network_address_usage_metrics": false,
            "id": "vpc-0cec55ca82d4812f3",
            "instance_tenancy": "default",
            "ipv4_ipam_pool_id": null,
            "ipv4_netmask_length": null,
            "ipv6_association_id": "",
            "ipv6_cidr_block": "",
            "ipv6_cidr_block_network_border_group": "",
            "ipv6_ipam_pool_id": "",
            "ipv6_netmask_length": 0,
            "main_route_table_id": "rtb-09be78a5a233bb5c2",
            "owner_id": "425342967151",
            "tags": {
              "Name": "Ameera-vpc"
            },
            "tags_all": {
              "Name": "Ameera-vpc"
            }
          },
          "sensitive_attributes": [],
          "private": "eyJzY2hlbWFfdmVyc2lvbiI6IjEifQ==",
          "create_before_destroy": true
        }
      ]
    }
  ],
  "check_results": null
}
